
Microsoft Visual Studio Solution File, Format Version 12.00
# Visual Studio Version 16
VisualStudioVersion = 16.0.31205.134
MinimumVisualStudioVersion = 10.0.40219.1
Project("{FAE04EC0-301F-11D3-BF4B-00C04F79EFBC}") = "ensyu0513", "ensyu0513\ensyu0513.csproj", "{31B8F317-E0C2-450D-89C6-02BF5804B8F9}"
EndProject
Global
	GlobalSection(SolutionConfigurationPlatforms) = preSolution
		Debug|Any CPU = Debug|Any CPU
		Release|Any CPU = Release|Any CPU
	EndGlobalSection
	GlobalSection(ProjectConfigurationPlatforms) = postSolution
		{31B8F317-E0C2-450D-89C6-02BF5804B8F9}.Debug|Any CPU.ActiveCfg = Debug|Any CPU
		{31B8F317-E0C2-450D-89C6-02BF5804B8F9}.Debug|Any CPU.Build.0 = Debug|Any CPU
		{31B8F317-E0C2-450D-89C6-02BF5804B8F9}.Release|Any CPU.ActiveCfg = Release|Any CPU
		{31B8F317-E0C2-450D-89C6-02BF5804B8F9}.Release|Any CPU.Build.0 = Release|Any CPU
	EndGlobalSection
	GlobalSection(SolutionProperties) = preSolution
		HideSolutionNode = FALSE
	EndGlobalSection
	GlobalSection(ExtensibilityGlobals) = postSolution
		SolutionGuid = {34176FA6-1AA6-430F-8014-E7B3D6F07047}
	EndGlobalSection
EndGlobal
